// !$*UTF8*$!
{
	archiveVersion = 1;
	classes = {
	};
	objectVersion = 46;
	objects = {

/* Begin PBXBuildFile section */
		E826860D17B97C52004281C0 /* UIKit.framework in Frameworks */ = {isa = PBXBuildFile; fileRef = E826860C17B97C52004281C0 /* UIKit.framework */; };
		E826860F17B97C52004281C0 /* Foundation.framework in Frameworks */ = {isa = PBXBuildFile; fileRef = E826860E17B97C52004281C0 /* Foundation.framework */; };
		E826861117B97C52004281C0 /* CoreGraphics.framework in Frameworks */ = {isa = PBXBuildFile; fileRef = E826861017B97C52004281C0 /* CoreGraphics.framework */; };
		E826861717B97C52004281C0 /* InfoPlist.strings in Resources */ = {isa = PBXBuildFile; fileRef = E826861517B97C52004281C0 /* InfoPlist.strings */; };
		E826861917B97C52004281C0 /* main.m in Sources */ = {isa = PBXBuildFile; fileRef = E826861817B97C52004281C0 /* main.m */; };
		E826861D17B97C52004281C0 /* CAppDelegate.m in Sources */ = {isa = PBXBuildFile; fileRef = E826861C17B97C52004281C0 /* CAppDelegate.m */; };
		E826861F17B97C52004281C0 /* Default.png in Resources */ = {isa = PBXBuildFile; fileRef = E826861E17B97C52004281C0 /* Default.png */; };
		E826862117B97C53004281C0 /* Default@2x.png in Resources */ = {isa = PBXBuildFile; fileRef = E826862017B97C53004281C0 /* Default@2x.png */; };
		E826862317B97C53004281C0 /* Default-568h@2x.png in Resources */ = {isa = PBXBuildFile; fileRef = E826862217B97C53004281C0 /* Default-568h@2x.png */; };
		E826862A17B97E5E004281C0 /* Storyboard.storyboard in Resources */ = {isa = PBXBuildFile; fileRef = E826862917B97E5E004281C0 /* Storyboard.storyboard */; };
		E826862F17B97F63004281C0 /* CMenuViewController.m in Sources */ = {isa = PBXBuildFile; fileRef = E826862E17B97F63004281C0 /* CMenuViewController.m */; };
		E826863317B98BC0004281C0 /* CMenuItem.m in Sources */ = {isa = PBXBuildFile; fileRef = E826863217B98BC0004281C0 /* CMenuItem.m */; };
		E826864317B98EDB004281C0 /* document.png in Resources */ = {isa = PBXBuildFile; fileRef = E826863617B98EDB004281C0 /* document.png */; };
		E826864417B98EDB004281C0 /* download.png in Resources */ = {isa = PBXBuildFile; fileRef = E826863717B98EDB004281C0 /* download.png */; };
		E826864517B98EDB004281C0 /* edit.png in Resources */ = {isa = PBXBuildFile; fileRef = E826863817B98EDB004281C0 /* edit.png */; };
		E826864617B98EDB004281C0 /* iconapp.png in Resources */ = {isa = PBXBuildFile; fileRef = E826863917B98EDB004281C0 /* iconapp.png */; };
		E826864717B98EDB004281C0 /* info.png in Resources */ = {isa = PBXBuildFile; fileRef = E826863A17B98EDB004281C0 /* info.png */; };
		E826864817B98EDB004281C0 /* notepad.png in Resources */ = {isa = PBXBuildFile; fileRef = E826863B17B98EDB004281C0 /* notepad.png */; };
		E826864917B98EDB004281C0 /* nuevo.png in Resources */ = {isa = PBXBuildFile; fileRef = E826863C17B98EDB004281C0 /* nuevo.png */; };
		E826864A17B98EDB004281C0 /* ok.png in Resources */ = {isa = PBXBuildFile; fileRef = E826863D17B98EDB004281C0 /* ok.png */; };
		E826864B17B98EDB004281C0 /* outbox.png in Resources */ = {isa = PBXBuildFile; fileRef = E826863E17B98EDB004281C0 /* outbox.png */; };
		E826864C17B98EDB004281C0 /* screen_bg.xml in Resources */ = {isa = PBXBuildFile; fileRef = E826863F17B98EDB004281C0 /* screen_bg.xml */; };
		E826864D17B98EDB004281C0 /* settings.png in Resources */ = {isa = PBXBuildFile; fileRef = E826864017B98EDB004281C0 /* settings.png */; };
		E826864E17B98EDB004281C0 /* spinner.gif in Resources */ = {isa = PBXBuildFile; fileRef = E826864117B98EDB004281C0 /* spinner.gif */; };
		E826864F17B98EDB004281C0 /* update.png in Resources */ = {isa = PBXBuildFile; fileRef = E826864217B98EDB004281C0 /* update.png */; };
		E826865117B9926A004281C0 /* UIMenuCell.xib in Resources */ = {isa = PBXBuildFile; fileRef = E826865017B9926A004281C0 /* UIMenuCell.xib */; };
		E826865417B99324004281C0 /* CMenuItemCell.m in Sources */ = {isa = PBXBuildFile; fileRef = E826865317B99324004281C0 /* CMenuItemCell.m */; };
		E826865B17B9A184004281C0 /* CConnectionHelper.m in Sources */ = {isa = PBXBuildFile; fileRef = E826865A17B9A184004281C0 /* CConnectionHelper.m */; };
		E826865F17B9A5FF004281C0 /* CFormsParser.m in Sources */ = {isa = PBXBuildFile; fileRef = E826865E17B9A5FF004281C0 /* CFormsParser.m */; };
		E826866317B9A95B004281C0 /* CFormModel.m in Sources */ = {isa = PBXBuildFile; fileRef = E826866217B9A95B004281C0 /* CFormModel.m */; };
		E826866617B9CD60004281C0 /* CNuevoViewController.m in Sources */ = {isa = PBXBuildFile; fileRef = E826866517B9CD60004281C0 /* CNuevoViewController.m */; };
		E826866817BA6C34004281C0 /* UINuevoCell.xib in Resources */ = {isa = PBXBuildFile; fileRef = E826866717BA6C34004281C0 /* UINuevoCell.xib */; };
		E826866C17BA6D9D004281C0 /* CNuevoItemCell.m in Sources */ = {isa = PBXBuildFile; fileRef = E826866B17BA6D9D004281C0 /* CNuevoItemCell.m */; };
		E826866E17BAB51F004281C0 /* UIDownloadDialog.xib in Resources */ = {isa = PBXBuildFile; fileRef = E826866D17BAB51E004281C0 /* UIDownloadDialog.xib */; };
		E826867117BABE43004281C0 /* LoadingView.m in Sources */ = {isa = PBXBuildFile; fileRef = E826867017BABE43004281C0 /* LoadingView.m */; };
		E841697F17C24CA800AAFCE3 /* SSZipArchive.m in Sources */ = {isa = PBXBuildFile; fileRef = E841697E17C24CA800AAFCE3 /* SSZipArchive.m */; };
		E841698A17C24D6000AAFCE3 /* ioapi.c in Sources */ = {isa = PBXBuildFile; fileRef = E841698217C24D6000AAFCE3 /* ioapi.c */; };
		E841698B17C24D6000AAFCE3 /* mztools.c in Sources */ = {isa = PBXBuildFile; fileRef = E841698417C24D6000AAFCE3 /* mztools.c */; };
		E841698C17C24D6000AAFCE3 /* unzip.c in Sources */ = {isa = PBXBuildFile; fileRef = E841698617C24D6000AAFCE3 /* unzip.c */; };
		E841698D17C24D6000AAFCE3 /* zip.c in Sources */ = {isa = PBXBuildFile; fileRef = E841698817C24D6000AAFCE3 /* zip.c */; };
		E841698F17C24D7000AAFCE3 /* libz.dylib in Frameworks */ = {isa = PBXBuildFile; fileRef = E841698E17C24D7000AAFCE3 /* libz.dylib */; };
		E841699317C24E1800AAFCE3 /* CHttpDownload.m in Sources */ = {isa = PBXBuildFile; fileRef = E841699217C24E1800AAFCE3 /* CHttpDownload.m */; };
		E841699617C26DB500AAFCE3 /* CWebViewController.m in Sources */ = {isa = PBXBuildFile; fileRef = E841699517C26DB500AAFCE3 /* CWebViewController.m */; };
		E88C48B117CFD46500188D31 /* Base64.m in Sources */ = {isa = PBXBuildFile; fileRef = E88C48B017CFD46500188D31 /* Base64.m */; };
		E8DF5D5217D4C61100FD161E /* COutboxViewController.m in Sources */ = {isa = PBXBuildFile; fileRef = E8DF5D5117D4C61100FD161E /* COutboxViewController.m */; };
		E8DF5D5417D4C9CB00FD161E /* outbox.plist in Resources */ = {isa = PBXBuildFile; fileRef = E8DF5D5317D4C9CB00FD161E /* outbox.plist */; };
		E8DF5D5817D4CBA700FD161E /* CStartViewController.m in Sources */ = {isa = PBXBuildFile; fileRef = E8DF5D5717D4CBA700FD161E /* CStartViewController.m */; };
		E8DF5D6517D4E12E00FD161E /* Reachability.m in Sources */ = {isa = PBXBuildFile; fileRef = E8DF5D6417D4E12E00FD161E /* Reachability.m */; };
		E8DF5D6717D4E15600FD161E /* CFNetwork.framework in Frameworks */ = {isa = PBXBuildFile; fileRef = E8DF5D6617D4E15600FD161E /* CFNetwork.framework */; };
		E8DF5D6917D4E19200FD161E /* SystemConfiguration.framework in Frameworks */ = {isa = PBXBuildFile; fileRef = E8DF5D6817D4E19200FD161E /* SystemConfiguration.framework */; };
		E8DF5D7017D534FF00FD161E /* UIOutboxCell.xib in Resources */ = {isa = PBXBuildFile; fileRef = E8DF5D6F17D534FF00FD161E /* UIOutboxCell.xib */; };
		E8DF5D7317D5367100FD161E /* COutboxItemCell.m in Sources */ = {isa = PBXBuildFile; fileRef = E8DF5D7217D5367100FD161E /* COutboxItemCell.m */; };
		E8DF5D7617D53B7000FD161E /* COutboxModel.m in Sources */ = {isa = PBXBuildFile; fileRef = E8DF5D7517D53B7000FD161E /* COutboxModel.m */; };
		E8E0478A17C3A77B00DC4356 /* CDraftViewController.m in Sources */ = {isa = PBXBuildFile; fileRef = E8E0478917C3A77B00DC4356 /* CDraftViewController.m */; };
		E8E0478D17C3B7FD00DC4356 /* CInfoParser.m in Sources */ = {isa = PBXBuildFile; fileRef = E8E0478C17C3B7FD00DC4356 /* CInfoParser.m */; };
		E8E0479017C3BEAA00DC4356 /* CInfoModel.m in Sources */ = {isa = PBXBuildFile; fileRef = E8E0478F17C3BEAA00DC4356 /* CInfoModel.m */; };
		E8E0479217C3D1DC00DC4356 /* drafts.xml in Resources */ = {isa = PBXBuildFile; fileRef = E8E0479117C3D1DC00DC4356 /* drafts.xml */; };
		E8E0479517C3D96C00DC4356 /* CDraftsParser.m in Sources */ = {isa = PBXBuildFile; fileRef = E8E0479417C3D96C00DC4356 /* CDraftsParser.m */; };
		E8E0479817C3D9B700DC4356 /* CDraftModel.m in Sources */ = {isa = PBXBuildFile; fileRef = E8E0479717C3D9B700DC4356 /* CDraftModel.m */; };
		E8E0479A17C3FB0800DC4356 /* UIDraftCell.xib in Resources */ = {isa = PBXBuildFile; fileRef = E8E0479917C3FB0800DC4356 /* UIDraftCell.xib */; };
		E8E0479D17C3FBB200DC4356 /* CDraftItemCell.m in Sources */ = {isa = PBXBuildFile; fileRef = E8E0479C17C3FBB200DC4356 /* CDraftItemCell.m */; };
		E8E047A017C410B900DC4356 /* CDraftItemParser.m in Sources */ = {isa = PBXBuildFile; fileRef = E8E0479F17C410B900DC4356 /* CDraftItemParser.m */; };
		E8E302B517CD684800A14AFB /* tmp.js in Resources */ = {isa = PBXBuildFile; fileRef = E8E302B317CD664800A14AFB /* tmp.js */; };
		E8E302B717CE3DE200A14AFB /* iconapp.png in Resources */ = {isa = PBXBuildFile; fileRef = E8E302B617CE3DE200A14AFB /* iconapp.png */; };
		E8E302BA17CE3E3300A14AFB /* jquery-2.0.3.js in Resources */ = {isa = PBXBuildFile; fileRef = E8E302B817CE3E2300A14AFB /* jquery-2.0.3.js */; };
		E8E302BD17CE97A200A14AFB /* CDataItemParser.m in Sources */ = {isa = PBXBuildFile; fileRef = E8E302BC17CE97A200A14AFB /* CDataItemParser.m */; };
		E8E302C017CE99CC00A14AFB /* CRelatedItem.m in Sources */ = {isa = PBXBuildFile; fileRef = E8E302BF17CE99CC00A14AFB /* CRelatedItem.m */; };
/* End PBXBuildFile section */

/* Begin PBXFileReference section */
		E826860917B97C51004281C0 /* Forms.app */ = {isa = PBXFileReference; explicitFileType = wrapper.application; includeInIndex = 0; path = Forms.app; sourceTree = BUILT_PRODUCTS_DIR; };
		E826860C17B97C52004281C0 /* UIKit.framework */ = {isa = PBXFileReference; lastKnownFileType = wrapper.framework; name = UIKit.framework; path = System/Library/Frameworks/UIKit.framework; sourceTree = SDKROOT; };
		E826860E17B97C52004281C0 /* Foundation.framework */ = {isa = PBXFileReference; lastKnownFileType = wrapper.framework; name = Foundation.framework; path = System/Library/Frameworks/Foundation.framework; sourceTree = SDKROOT; };
		E826861017B97C52004281C0 /* CoreGraphics.framework */ = {isa = PBXFileReference; lastKnownFileType = wrapper.framework; name = CoreGraphics.framework; path = System/Library/Frameworks/CoreGraphics.framework; sourceTree = SDKROOT; };
		E826861417B97C52004281C0 /* Forms-Info.plist */ = {isa = PBXFileReference; lastKnownFileType = text.plist.xml; path = "Forms-Info.plist"; sourceTree = "<group>"; };
		E826861617B97C52004281C0 /* en */ = {isa = PBXFileReference; lastKnownFileType = text.plist.strings; name = en; path = en.lproj/InfoPlist.strings; sourceTree = "<group>"; };
		E826861817B97C52004281C0 /* main.m */ = {isa = PBXFileReference; lastKnownFileType = sourcecode.c.objc; path = main.m; sourceTree = "<group>"; };
		E826861A17B97C52004281C0 /* Forms-Prefix.pch */ = {isa = PBXFileReference; lastKnownFileType = sourcecode.c.h; path = "Forms-Prefix.pch"; sourceTree = "<group>"; };
		E826861B17B97C52004281C0 /* CAppDelegate.h */ = {isa = PBXFileReference; lastKnownFileType = sourcecode.c.h; path = CAppDelegate.h; sourceTree = "<group>"; };
		E826861C17B97C52004281C0 /* CAppDelegate.m */ = {isa = PBXFileReference; lastKnownFileType = sourcecode.c.objc; path = CAppDelegate.m; sourceTree = "<group>"; };
		E826861E17B97C52004281C0 /* Default.png */ = {isa = PBXFileReference; lastKnownFileType = image.png; path = Default.png; sourceTree = "<group>"; };
		E826862017B97C53004281C0 /* Default@2x.png */ = {isa = PBXFileReference; lastKnownFileType = image.png; path = "Default@2x.png"; sourceTree = "<group>"; };
		E826862217B97C53004281C0 /* Default-568h@2x.png */ = {isa = PBXFileReference; lastKnownFileType = image.png; path = "Default-568h@2x.png"; sourceTree = "<group>"; };
		E826862917B97E5E004281C0 /* Storyboard.storyboard */ = {isa = PBXFileReference; fileEncoding = 4; lastKnownFileType = file.storyboard; path = Storyboard.storyboard; sourceTree = "<group>"; };
		E826862D17B97F63004281C0 /* CMenuViewController.h */ = {isa = PBXFileReference; fileEncoding = 4; lastKnownFileType = sourcecode.c.h; path = CMenuViewController.h; sourceTree = "<group>"; };
		E826862E17B97F63004281C0 /* CMenuViewController.m */ = {isa = PBXFileReference; fileEncoding = 4; lastKnownFileType = sourcecode.c.objc; path = CMenuViewController.m; sourceTree = "<group>"; usesTabs = 1; };
		E826863117B98BC0004281C0 /* CMenuItem.h */ = {isa = PBXFileReference; fileEncoding = 4; lastKnownFileType = sourcecode.c.h; path = CMenuItem.h; sourceTree = "<group>"; };
		E826863217B98BC0004281C0 /* CMenuItem.m */ = {isa = PBXFileReference; fileEncoding = 4; lastKnownFileType = sourcecode.c.objc; path = CMenuItem.m; sourceTree = "<group>"; };
		E826863617B98EDB004281C0 /* document.png */ = {isa = PBXFileReference; lastKnownFileType = image.png; path = document.png; sourceTree = "<group>"; };
		E826863717B98EDB004281C0 /* download.png */ = {isa = PBXFileReference; lastKnownFileType = image.png; path = download.png; sourceTree = "<group>"; };
		E826863817B98EDB004281C0 /* edit.png */ = {isa = PBXFileReference; lastKnownFileType = image.png; path = edit.png; sourceTree = "<group>"; };
		E826863917B98EDB004281C0 /* iconapp.png */ = {isa = PBXFileReference; lastKnownFileType = image.png; path = iconapp.png; sourceTree = "<group>"; };
		E826863A17B98EDB004281C0 /* info.png */ = {isa = PBXFileReference; lastKnownFileType = image.png; path = info.png; sourceTree = "<group>"; };
		E826863B17B98EDB004281C0 /* notepad.png */ = {isa = PBXFileReference; lastKnownFileType = image.png; path = notepad.png; sourceTree = "<group>"; };
		E826863C17B98EDB004281C0 /* nuevo.png */ = {isa = PBXFileReference; lastKnownFileType = image.png; path = nuevo.png; sourceTree = "<group>"; };
		E826863D17B98EDB004281C0 /* ok.png */ = {isa = PBXFileReference; lastKnownFileType = image.png; path = ok.png; sourceTree = "<group>"; };
		E826863E17B98EDB004281C0 /* outbox.png */ = {isa = PBXFileReference; lastKnownFileType = image.png; path = outbox.png; sourceTree = "<group>"; };
		E826863F17B98EDB004281C0 /* screen_bg.xml */ = {isa = PBXFileReference; fileEncoding = 4; lastKnownFileType = text.xml; path = screen_bg.xml; sourceTree = "<group>"; };
		E826864017B98EDB004281C0 /* settings.png */ = {isa = PBXFileReference; lastKnownFileType = image.png; path = settings.png; sourceTree = "<group>"; };
		E826864117B98EDB004281C0 /* spinner.gif */ = {isa = PBXFileReference; lastKnownFileType = image.gif; path = spinner.gif; sourceTree = "<group>"; };
		E826864217B98EDB004281C0 /* update.png */ = {isa = PBXFileReference; lastKnownFileType = image.png; path = update.png; sourceTree = "<group>"; };
		E826865017B9926A004281C0 /* UIMenuCell.xib */ = {isa = PBXFileReference; fileEncoding = 4; lastKnownFileType = file.xib; path = UIMenuCell.xib; sourceTree = "<group>"; };
		E826865217B99324004281C0 /* CMenuItemCell.h */ = {isa = PBXFileReference; fileEncoding = 4; lastKnownFileType = sourcecode.c.h; path = CMenuItemCell.h; sourceTree = "<group>"; };
		E826865317B99324004281C0 /* CMenuItemCell.m */ = {isa = PBXFileReference; fileEncoding = 4; lastKnownFileType = sourcecode.c.objc; path = CMenuItemCell.m; sourceTree = "<group>"; };
		E826865917B9A184004281C0 /* CConnectionHelper.h */ = {isa = PBXFileReference; fileEncoding = 4; lastKnownFileType = sourcecode.c.h; path = CConnectionHelper.h; sourceTree = "<group>"; };
		E826865A17B9A184004281C0 /* CConnectionHelper.m */ = {isa = PBXFileReference; fileEncoding = 4; lastKnownFileType = sourcecode.c.objc; path = CConnectionHelper.m; sourceTree = "<group>"; };
		E826865D17B9A5FF004281C0 /* CFormsParser.h */ = {isa = PBXFileReference; fileEncoding = 4; lastKnownFileType = sourcecode.c.h; path = CFormsParser.h; sourceTree = "<group>"; };
		E826865E17B9A5FF004281C0 /* CFormsParser.m */ = {isa = PBXFileReference; fileEncoding = 4; lastKnownFileType = sourcecode.c.objc; path = CFormsParser.m; sourceTree = "<group>"; };
		E826866117B9A95B004281C0 /* CFormModel.h */ = {isa = PBXFileReference; fileEncoding = 4; lastKnownFileType = sourcecode.c.h; path = CFormModel.h; sourceTree = "<group>"; };
		E826866217B9A95B004281C0 /* CFormModel.m */ = {isa = PBXFileReference; fileEncoding = 4; lastKnownFileType = sourcecode.c.objc; path = CFormModel.m; sourceTree = "<group>"; };
		E826866417B9CD60004281C0 /* CNuevoViewController.h */ = {isa = PBXFileReference; fileEncoding = 4; lastKnownFileType = sourcecode.c.h; path = CNuevoViewController.h; sourceTree = "<group>"; };
		E826866517B9CD60004281C0 /* CNuevoViewController.m */ = {isa = PBXFileReference; fileEncoding = 4; lastKnownFileType = sourcecode.c.objc; path = CNuevoViewController.m; sourceTree = "<group>"; };
		E826866717BA6C34004281C0 /* UINuevoCell.xib */ = {isa = PBXFileReference; fileEncoding = 4; lastKnownFileType = file.xib; path = UINuevoCell.xib; sourceTree = "<group>"; };
		E826866A17BA6D9D004281C0 /* CNuevoItemCell.h */ = {isa = PBXFileReference; fileEncoding = 4; lastKnownFileType = sourcecode.c.h; path = CNuevoItemCell.h; sourceTree = "<group>"; };
		E826866B17BA6D9D004281C0 /* CNuevoItemCell.m */ = {isa = PBXFileReference; fileEncoding = 4; lastKnownFileType = sourcecode.c.objc; path = CNuevoItemCell.m; sourceTree = "<group>"; };
		E826866D17BAB51E004281C0 /* UIDownloadDialog.xib */ = {isa = PBXFileReference; fileEncoding = 4; lastKnownFileType = file.xib; path = UIDownloadDialog.xib; sourceTree = "<group>"; };
		E826866F17BABE42004281C0 /* LoadingView.h */ = {isa = PBXFileReference; fileEncoding = 4; lastKnownFileType = sourcecode.c.h; path = LoadingView.h; sourceTree = "<group>"; };
		E826867017BABE43004281C0 /* LoadingView.m */ = {isa = PBXFileReference; fileEncoding = 4; lastKnownFileType = sourcecode.c.objc; path = LoadingView.m; sourceTree = "<group>"; };
		E841697D17C24CA700AAFCE3 /* SSZipArchive.h */ = {isa = PBXFileReference; fileEncoding = 4; lastKnownFileType = sourcecode.c.h; path = SSZipArchive.h; sourceTree = "<group>"; };
		E841697E17C24CA800AAFCE3 /* SSZipArchive.m */ = {isa = PBXFileReference; fileEncoding = 4; lastKnownFileType = sourcecode.c.objc; path = SSZipArchive.m; sourceTree = "<group>"; };
		E841698117C24D6000AAFCE3 /* crypt.h */ = {isa = PBXFileReference; fileEncoding = 4; lastKnownFileType = sourcecode.c.h; path = crypt.h; sourceTree = "<group>"; };
		E841698217C24D6000AAFCE3 /* ioapi.c */ = {isa = PBXFileReference; fileEncoding = 4; lastKnownFileType = sourcecode.c.c; path = ioapi.c; sourceTree = "<group>"; };
		E841698317C24D6000AAFCE3 /* ioapi.h */ = {isa = PBXFileReference; fileEncoding = 4; lastKnownFileType = sourcecode.c.h; path = ioapi.h; sourceTree = "<group>"; };
		E841698417C24D6000AAFCE3 /* mztools.c */ = {isa = PBXFileReference; fileEncoding = 4; lastKnownFileType = sourcecode.c.c; path = mztools.c; sourceTree = "<group>"; };
		E841698517C24D6000AAFCE3 /* mztools.h */ = {isa = PBXFileReference; fileEncoding = 4; lastKnownFileType = sourcecode.c.h; path = mztools.h; sourceTree = "<group>"; };
		E841698617C24D6000AAFCE3 /* unzip.c */ = {isa = PBXFileReference; fileEncoding = 4; lastKnownFileType = sourcecode.c.c; path = unzip.c; sourceTree = "<group>"; };
		E841698717C24D6000AAFCE3 /* unzip.h */ = {isa = PBXFileReference; fileEncoding = 4; lastKnownFileType = sourcecode.c.h; path = unzip.h; sourceTree = "<group>"; };
		E841698817C24D6000AAFCE3 /* zip.c */ = {isa = PBXFileReference; fileEncoding = 4; lastKnownFileType = sourcecode.c.c; path = zip.c; sourceTree = "<group>"; };
		E841698917C24D6000AAFCE3 /* zip.h */ = {isa = PBXFileReference; fileEncoding = 4; lastKnownFileType = sourcecode.c.h; path = zip.h; sourceTree = "<group>"; };
		E841698E17C24D7000AAFCE3 /* libz.dylib */ = {isa = PBXFileReference; lastKnownFileType = "compiled.mach-o.dylib"; name = libz.dylib; path = usr/lib/libz.dylib; sourceTree = SDKROOT; };
		E841699117C24E1800AAFCE3 /* CHttpDownload.h */ = {isa = PBXFileReference; fileEncoding = 4; lastKnownFileType = sourcecode.c.h; path = CHttpDownload.h; sourceTree = "<group>"; };
		E841699217C24E1800AAFCE3 /* CHttpDownload.m */ = {isa = PBXFileReference; fileEncoding = 4; lastKnownFileType = sourcecode.c.objc; path = CHttpDownload.m; sourceTree = "<group>"; };
		E841699417C26DB500AAFCE3 /* CWebViewController.h */ = {isa = PBXFileReference; fileEncoding = 4; lastKnownFileType = sourcecode.c.h; path = CWebViewController.h; sourceTree = "<group>"; };
		E841699517C26DB500AAFCE3 /* CWebViewController.m */ = {isa = PBXFileReference; fileEncoding = 4; indentWidth = 4; lastKnownFileType = sourcecode.c.objc; path = CWebViewController.m; sourceTree = "<group>"; tabWidth = 4; };
		E88C48AF17CFD46500188D31 /* Base64.h */ = {isa = PBXFileReference; fileEncoding = 4; lastKnownFileType = sourcecode.c.h; path = Base64.h; sourceTree = "<group>"; };
		E88C48B017CFD46500188D31 /* Base64.m */ = {isa = PBXFileReference; fileEncoding = 4; lastKnownFileType = sourcecode.c.objc; path = Base64.m; sourceTree = "<group>"; };
		E8DF5D5017D4C61100FD161E /* COutboxViewController.h */ = {isa = PBXFileReference; fileEncoding = 4; lastKnownFileType = sourcecode.c.h; path = COutboxViewController.h; sourceTree = "<group>"; };
		E8DF5D5117D4C61100FD161E /* COutboxViewController.m */ = {isa = PBXFileReference; fileEncoding = 4; lastKnownFileType = sourcecode.c.objc; path = COutboxViewController.m; sourceTree = "<group>"; };
		E8DF5D5317D4C9CB00FD161E /* outbox.plist */ = {isa = PBXFileReference; fileEncoding = 4; lastKnownFileType = text.plist.xml; path = outbox.plist; sourceTree = "<group>"; };
		E8DF5D5617D4CBA700FD161E /* CStartViewController.h */ = {isa = PBXFileReference; fileEncoding = 4; lastKnownFileType = sourcecode.c.h; path = CStartViewController.h; sourceTree = "<group>"; };
		E8DF5D5717D4CBA700FD161E /* CStartViewController.m */ = {isa = PBXFileReference; fileEncoding = 4; lastKnownFileType = sourcecode.c.objc; path = CStartViewController.m; sourceTree = "<group>"; };
		E8DF5D6317D4E12E00FD161E /* Reachability.h */ = {isa = PBXFileReference; fileEncoding = 4; lastKnownFileType = sourcecode.c.h; path = Reachability.h; sourceTree = "<group>"; };
		E8DF5D6417D4E12E00FD161E /* Reachability.m */ = {isa = PBXFileReference; fileEncoding = 4; lastKnownFileType = sourcecode.c.objc; path = Reachability.m; sourceTree = "<group>"; };
		E8DF5D6617D4E15600FD161E /* CFNetwork.framework */ = {isa = PBXFileReference; lastKnownFileType = wrapper.framework; name = CFNetwork.framework; path = System/Library/Frameworks/CFNetwork.framework; sourceTree = SDKROOT; };
		E8DF5D6817D4E19200FD161E /* SystemConfiguration.framework */ = {isa = PBXFileReference; lastKnownFileType = wrapper.framework; name = SystemConfiguration.framework; path = System/Library/Frameworks/SystemConfiguration.framework; sourceTree = SDKROOT; };
		E8DF5D6F17D534FF00FD161E /* UIOutboxCell.xib */ = {isa = PBXFileReference; fileEncoding = 4; lastKnownFileType = file.xib; path = UIOutboxCell.xib; sourceTree = "<group>"; };
		E8DF5D7117D5367100FD161E /* COutboxItemCell.h */ = {isa = PBXFileReference; fileEncoding = 4; lastKnownFileType = sourcecode.c.h; path = COutboxItemCell.h; sourceTree = "<group>"; };
		E8DF5D7217D5367100FD161E /* COutboxItemCell.m */ = {isa = PBXFileReference; fileEncoding = 4; lastKnownFileType = sourcecode.c.objc; path = COutboxItemCell.m; sourceTree = "<group>"; };
		E8DF5D7417D53B7000FD161E /* COutboxModel.h */ = {isa = PBXFileReference; fileEncoding = 4; lastKnownFileType = sourcecode.c.h; path = COutboxModel.h; sourceTree = "<group>"; };
		E8DF5D7517D53B7000FD161E /* COutboxModel.m */ = {isa = PBXFileReference; fileEncoding = 4; lastKnownFileType = sourcecode.c.objc; path = COutboxModel.m; sourceTree = "<group>"; };
		E8E0478817C3A77B00DC4356 /* CDraftViewController.h */ = {isa = PBXFileReference; fileEncoding = 4; lastKnownFileType = sourcecode.c.h; path = CDraftViewController.h; sourceTree = "<group>"; };
		E8E0478917C3A77B00DC4356 /* CDraftViewController.m */ = {isa = PBXFileReference; fileEncoding = 4; lastKnownFileType = sourcecode.c.objc; path = CDraftViewController.m; sourceTree = "<group>"; };
		E8E0478B17C3B7FD00DC4356 /* CInfoParser.h */ = {isa = PBXFileReference; fileEncoding = 4; lastKnownFileType = sourcecode.c.h; path = CInfoParser.h; sourceTree = "<group>"; };
		E8E0478C17C3B7FD00DC4356 /* CInfoParser.m */ = {isa = PBXFileReference; fileEncoding = 4; lastKnownFileType = sourcecode.c.objc; path = CInfoParser.m; sourceTree = "<group>"; };
		E8E0478E17C3BEAA00DC4356 /* CInfoModel.h */ = {isa = PBXFileReference; fileEncoding = 4; lastKnownFileType = sourcecode.c.h; path = CInfoModel.h; sourceTree = "<group>"; };
		E8E0478F17C3BEAA00DC4356 /* CInfoModel.m */ = {isa = PBXFileReference; fileEncoding = 4; lastKnownFileType = sourcecode.c.objc; path = CInfoModel.m; sourceTree = "<group>"; };
		E8E0479117C3D1DC00DC4356 /* drafts.xml */ = {isa = PBXFileReference; fileEncoding = 4; lastKnownFileType = text.xml; path = drafts.xml; sourceTree = "<group>"; };
		E8E0479317C3D96C00DC4356 /* CDraftsParser.h */ = {isa = PBXFileReference; fileEncoding = 4; lastKnownFileType = sourcecode.c.h; path = CDraftsParser.h; sourceTree = "<group>"; };
		E8E0479417C3D96C00DC4356 /* CDraftsParser.m */ = {isa = PBXFileReference; fileEncoding = 4; lastKnownFileType = sourcecode.c.objc; path = CDraftsParser.m; sourceTree = "<group>"; };
		E8E0479617C3D9B700DC4356 /* CDraftModel.h */ = {isa = PBXFileReference; fileEncoding = 4; lastKnownFileType = sourcecode.c.h; path = CDraftModel.h; sourceTree = "<group>"; };
		E8E0479717C3D9B700DC4356 /* CDraftModel.m */ = {isa = PBXFileReference; fileEncoding = 4; lastKnownFileType = sourcecode.c.objc; path = CDraftModel.m; sourceTree = "<group>"; };
		E8E0479917C3FB0800DC4356 /* UIDraftCell.xib */ = {isa = PBXFileReference; fileEncoding = 4; lastKnownFileType = file.xib; path = UIDraftCell.xib; sourceTree = "<group>"; };
		E8E0479B17C3FBB200DC4356 /* CDraftItemCell.h */ = {isa = PBXFileReference; fileEncoding = 4; lastKnownFileType = sourcecode.c.h; path = CDraftItemCell.h; sourceTree = "<group>"; };
		E8E0479C17C3FBB200DC4356 /* CDraftItemCell.m */ = {isa = PBXFileReference; fileEncoding = 4; lastKnownFileType = sourcecode.c.objc; path = CDraftItemCell.m; sourceTree = "<group>"; };
		E8E0479E17C410B900DC4356 /* CDraftItemParser.h */ = {isa = PBXFileReference; fileEncoding = 4; lastKnownFileType = sourcecode.c.h; path = CDraftItemParser.h; sourceTree = "<group>"; };
		E8E0479F17C410B900DC4356 /* CDraftItemParser.m */ = {isa = PBXFileReference; fileEncoding = 4; lastKnownFileType = sourcecode.c.objc; path = CDraftItemParser.m; sourceTree = "<group>"; };
		E8E302B317CD664800A14AFB /* tmp.js */ = {isa = PBXFileReference; fileEncoding = 4; lastKnownFileType = sourcecode.javascript; path = tmp.js; sourceTree = "<group>"; };
		E8E302B617CE3DE200A14AFB /* iconapp.png */ = {isa = PBXFileReference; lastKnownFileType = image.png; path = iconapp.png; sourceTree = "<group>"; };
		E8E302B817CE3E2300A14AFB /* jquery-2.0.3.js */ = {isa = PBXFileReference; fileEncoding = 4; lastKnownFileType = sourcecode.javascript; path = "jquery-2.0.3.js"; sourceTree = "<group>"; };
		E8E302BB17CE97A200A14AFB /* CDataItemParser.h */ = {isa = PBXFileReference; fileEncoding = 4; lastKnownFileType = sourcecode.c.h; path = CDataItemParser.h; sourceTree = "<group>"; };
		E8E302BC17CE97A200A14AFB /* CDataItemParser.m */ = {isa = PBXFileReference; fileEncoding = 4; lastKnownFileType = sourcecode.c.objc; path = CDataItemParser.m; sourceTree = "<group>"; };
		E8E302BE17CE99CC00A14AFB /* CRelatedItem.h */ = {isa = PBXFileReference; fileEncoding = 4; lastKnownFileType = sourcecode.c.h; path = CRelatedItem.h; sourceTree = "<group>"; };
		E8E302BF17CE99CC00A14AFB /* CRelatedItem.m */ = {isa = PBXFileReference; fileEncoding = 4; lastKnownFileType = sourcecode.c.objc; path = CRelatedItem.m; sourceTree = "<group>"; };
/* End PBXFileReference section */

/* Begin PBXFrameworksBuildPhase section */
		E826860617B97C51004281C0 /* Frameworks */ = {
			isa = PBXFrameworksBuildPhase;
			buildActionMask = 2147483647;
			files = (
				E841698F17C24D7000AAFCE3 /* libz.dylib in Frameworks */,
				E8DF5D6917D4E19200FD161E /* SystemConfiguration.framework in Frameworks */,
				E8DF5D6717D4E15600FD161E /* CFNetwork.framework in Frameworks */,
				E826860D17B97C52004281C0 /* UIKit.framework in Frameworks */,
				E826860F17B97C52004281C0 /* Foundation.framework in Frameworks */,
				E826861117B97C52004281C0 /* CoreGraphics.framework in Frameworks */,
			);
			runOnlyForDeploymentPostprocessing = 0;
		};
/* End PBXFrameworksBuildPhase section */

/* Begin PBXGroup section */
		E826860017B97C50004281C0 = {
			isa = PBXGroup;
			children = (
				E826861217B97C52004281C0 /* Forms */,
				E826860B17B97C51004281C0 /* Frameworks */,
				E826860A17B97C51004281C0 /* Products */,
			);
			sourceTree = "<group>";
			usesTabs = 1;
		};
		E826860A17B97C51004281C0 /* Products */ = {
			isa = PBXGroup;
			children = (
				E826860917B97C51004281C0 /* Forms.app */,
			);
			name = Products;
			sourceTree = "<group>";
		};
		E826860B17B97C51004281C0 /* Frameworks */ = {
			isa = PBXGroup;
			children = (
				E8DF5D6817D4E19200FD161E /* SystemConfiguration.framework */,
				E8DF5D6617D4E15600FD161E /* CFNetwork.framework */,
				E841698E17C24D7000AAFCE3 /* libz.dylib */,
				E826860C17B97C52004281C0 /* UIKit.framework */,
				E826860E17B97C52004281C0 /* Foundation.framework */,
				E826861017B97C52004281C0 /* CoreGraphics.framework */,
			);
			name = Frameworks;
			sourceTree = "<group>";
		};
		E826861217B97C52004281C0 /* Forms */ = {
			isa = PBXGroup;
			children = (
				E8DF5D5517D4CB9600FD161E /* Start */,
				E8DF5D4F17D4C5EA00FD161E /* Outbox */,
				E8E0478717C3A75000DC4356 /* Draft */,
				E841699717C26DEE00AAFCE3 /* Web */,
				E841699017C24DEE00AAFCE3 /* HttpModule */,
				E826866017B9A8C5004281C0 /* Nuevo */,
				E826865C17B9A59F004281C0 /* XMLParsers */,
				E826865617B9A117004281C0 /* iOSUtil */,
				E826863017B98BA7004281C0 /* DomainModels */,
				E826862C17B97F3E004281C0 /* Menu */,
				E826862B17B97F32004281C0 /* UIFiles */,
				E826861B17B97C52004281C0 /* CAppDelegate.h */,
				E826861C17B97C52004281C0 /* CAppDelegate.m */,
				E826861317B97C52004281C0 /* Supporting Files */,
			);
			path = Forms;
			sourceTree = "<group>";
		};
		E826861317B97C52004281C0 /* Supporting Files */ = {
			isa = PBXGroup;
			children = (
				E8E302B817CE3E2300A14AFB /* jquery-2.0.3.js */,
				E8E302B617CE3DE200A14AFB /* iconapp.png */,
				E826863917B98EDB004281C0 /* iconapp.png */,
				E8E302B317CD664800A14AFB /* tmp.js */,
				E8E0479117C3D1DC00DC4356 /* drafts.xml */,
				E826863517B98EC8004281C0 /* ImageResources */,
				E826861417B97C52004281C0 /* Forms-Info.plist */,
				E826861517B97C52004281C0 /* InfoPlist.strings */,
				E826861817B97C52004281C0 /* main.m */,
				E826861A17B97C52004281C0 /* Forms-Prefix.pch */,
				E826861E17B97C52004281C0 /* Default.png */,
				E826862017B97C53004281C0 /* Default@2x.png */,
				E826862217B97C53004281C0 /* Default-568h@2x.png */,
				E8DF5D5317D4C9CB00FD161E /* outbox.plist */,
			);
			name = "Supporting Files";
			sourceTree = "<group>";
		};
		E826862B17B97F32004281C0 /* UIFiles */ = {
			isa = PBXGroup;
			children = (
				E826866F17BABE42004281C0 /* LoadingView.h */,
				E826867017BABE43004281C0 /* LoadingView.m */,
				E826866917BA6D60004281C0 /* UIModels */,
				E826862917B97E5E004281C0 /* Storyboard.storyboard */,
				E826865017B9926A004281C0 /* UIMenuCell.xib */,
				E826866717BA6C34004281C0 /* UINuevoCell.xib */,
				E8E0479917C3FB0800DC4356 /* UIDraftCell.xib */,
				E826866D17BAB51E004281C0 /* UIDownloadDialog.xib */,
				E8DF5D6F17D534FF00FD161E /* UIOutboxCell.xib */,
			);
			name = UIFiles;
			sourceTree = "<group>";
		};
		E826862C17B97F3E004281C0 /* Menu */ = {
			isa = PBXGroup;
			children = (
				E826862D17B97F63004281C0 /* CMenuViewController.h */,
				E826862E17B97F63004281C0 /* CMenuViewController.m */,
			);
			name = Menu;
			sourceTree = "<group>";
		};
		E826863017B98BA7004281C0 /* DomainModels */ = {
			isa = PBXGroup;
			children = (
				E826863117B98BC0004281C0 /* CMenuItem.h */,
				E826863217B98BC0004281C0 /* CMenuItem.m */,
				E826866117B9A95B004281C0 /* CFormModel.h */,
				E826866217B9A95B004281C0 /* CFormModel.m */,
				E8E0478E17C3BEAA00DC4356 /* CInfoModel.h */,
				E8E0478F17C3BEAA00DC4356 /* CInfoModel.m */,
				E8E0479617C3D9B700DC4356 /* CDraftModel.h */,
				E8E0479717C3D9B700DC4356 /* CDraftModel.m */,
				E8E302BE17CE99CC00A14AFB /* CRelatedItem.h */,
				E8E302BF17CE99CC00A14AFB /* CRelatedItem.m */,
				E8DF5D7417D53B7000FD161E /* COutboxModel.h */,
				E8DF5D7517D53B7000FD161E /* COutboxModel.m */,
			);
			name = DomainModels;
			sourceTree = "<group>";
		};
		E826863517B98EC8004281C0 /* ImageResources */ = {
			isa = PBXGroup;
			children = (
				E826863617B98EDB004281C0 /* document.png */,
				E826863717B98EDB004281C0 /* download.png */,
				E826863817B98EDB004281C0 /* edit.png */,
				E826863A17B98EDB004281C0 /* info.png */,
				E826863B17B98EDB004281C0 /* notepad.png */,
				E826863C17B98EDB004281C0 /* nuevo.png */,
				E826863D17B98EDB004281C0 /* ok.png */,
				E826863E17B98EDB004281C0 /* outbox.png */,
				E826863F17B98EDB004281C0 /* screen_bg.xml */,
				E826864017B98EDB004281C0 /* settings.png */,
				E826864117B98EDB004281C0 /* spinner.gif */,
				E826864217B98EDB004281C0 /* update.png */,
			);
			name = ImageResources;
			sourceTree = "<group>";
		};
		E826865617B9A117004281C0 /* iOSUtil */ = {
			isa = PBXGroup;
			children = (
				E8DF5D6317D4E12E00FD161E /* Reachability.h */,
				E8DF5D6417D4E12E00FD161E /* Reachability.m */,
				E88C48AF17CFD46500188D31 /* Base64.h */,
				E88C48B017CFD46500188D31 /* Base64.m */,
				E841698017C24D6000AAFCE3 /* minizip */,
				E841697D17C24CA700AAFCE3 /* SSZipArchive.h */,
				E841697E17C24CA800AAFCE3 /* SSZipArchive.m */,
				E826865917B9A184004281C0 /* CConnectionHelper.h */,
				E826865A17B9A184004281C0 /* CConnectionHelper.m */,
			);
			name = iOSUtil;
			sourceTree = "<group>";
		};
		E826865C17B9A59F004281C0 /* XMLParsers */ = {
			isa = PBXGroup;
			children = (
				E826865D17B9A5FF004281C0 /* CFormsParser.h */,
				E826865E17B9A5FF004281C0 /* CFormsParser.m */,
				E8E0478B17C3B7FD00DC4356 /* CInfoParser.h */,
				E8E0478C17C3B7FD00DC4356 /* CInfoParser.m */,
				E8E0479317C3D96C00DC4356 /* CDraftsParser.h */,
				E8E0479417C3D96C00DC4356 /* CDraftsParser.m */,
				E8E0479E17C410B900DC4356 /* CDraftItemParser.h */,
				E8E0479F17C410B900DC4356 /* CDraftItemParser.m */,
				E8E302BB17CE97A200A14AFB /* CDataItemParser.h */,
				E8E302BC17CE97A200A14AFB /* CDataItemParser.m */,
			);
			name = XMLParsers;
			sourceTree = "<group>";
		};
		E826866017B9A8C5004281C0 /* Nuevo */ = {
			isa = PBXGroup;
			children = (
				E826866417B9CD60004281C0 /* CNuevoViewController.h */,
				E826866517B9CD60004281C0 /* CNuevoViewController.m */,
			);
			name = Nuevo;
			sourceTree = "<group>";
		};
		E826866917BA6D60004281C0 /* UIModels */ = {
			isa = PBXGroup;
			children = (
				E826865217B99324004281C0 /* CMenuItemCell.h */,
				E826865317B99324004281C0 /* CMenuItemCell.m */,
				E826866A17BA6D9D004281C0 /* CNuevoItemCell.h */,
				E826866B17BA6D9D004281C0 /* CNuevoItemCell.m */,
				E8E0479B17C3FBB200DC4356 /* CDraftItemCell.h */,
				E8E0479C17C3FBB200DC4356 /* CDraftItemCell.m */,
				E8DF5D7117D5367100FD161E /* COutboxItemCell.h */,
				E8DF5D7217D5367100FD161E /* COutboxItemCell.m */,
			);
			name = UIModels;
			sourceTree = "<group>";
		};
		E841698017C24D6000AAFCE3 /* minizip */ = {
			isa = PBXGroup;
			children = (
				E841698117C24D6000AAFCE3 /* crypt.h */,
				E841698217C24D6000AAFCE3 /* ioapi.c */,
				E841698317C24D6000AAFCE3 /* ioapi.h */,
				E841698417C24D6000AAFCE3 /* mztools.c */,
				E841698517C24D6000AAFCE3 /* mztools.h */,
				E841698617C24D6000AAFCE3 /* unzip.c */,
				E841698717C24D6000AAFCE3 /* unzip.h */,
				E841698817C24D6000AAFCE3 /* zip.c */,
				E841698917C24D6000AAFCE3 /* zip.h */,
			);
			path = minizip;
			sourceTree = "<group>";
		};
		E841699017C24DEE00AAFCE3 /* HttpModule */ = {
			isa = PBXGroup;
			children = (
				E841699117C24E1800AAFCE3 /* CHttpDownload.h */,
				E841699217C24E1800AAFCE3 /* CHttpDownload.m */,
			);
			name = HttpModule;
			sourceTree = "<group>";
		};
		E841699717C26DEE00AAFCE3 /* Web */ = {
			isa = PBXGroup;
			children = (
				E841699417C26DB500AAFCE3 /* CWebViewController.h */,
				E841699517C26DB500AAFCE3 /* CWebViewController.m */,
			);
			name = Web;
			sourceTree = "<group>";
		};
		E8DF5D4F17D4C5EA00FD161E /* Outbox */ = {
			isa = PBXGroup;
			children = (
				E8DF5D5017D4C61100FD161E /* COutboxViewController.h */,
				E8DF5D5117D4C61100FD161E /* COutboxViewController.m */,
			);
			name = Outbox;
			sourceTree = "<group>";
		};
		E8DF5D5517D4CB9600FD161E /* Start */ = {
			isa = PBXGroup;
			children = (
				E8DF5D5617D4CBA700FD161E /* CStartViewController.h */,
				E8DF5D5717D4CBA700FD161E /* CStartViewController.m */,
			);
			name = Start;
			sourceTree = "<group>";
		};
		E8E0478717C3A75000DC4356 /* Draft */ = {
			isa = PBXGroup;
			children = (
				E8E0478817C3A77B00DC4356 /* CDraftViewController.h */,
				E8E0478917C3A77B00DC4356 /* CDraftViewController.m */,
			);
			name = Draft;
			sourceTree = "<group>";
		};
/* End PBXGroup section */

/* Begin PBXNativeTarget section */
		E826860817B97C51004281C0 /* Forms */ = {
			isa = PBXNativeTarget;
			buildConfigurationList = E826862617B97C53004281C0 /* Build configuration list for PBXNativeTarget "Forms" */;
			buildPhases = (
				E826860517B97C51004281C0 /* Sources */,
				E826860617B97C51004281C0 /* Frameworks */,
				E826860717B97C51004281C0 /* Resources */,
			);
			buildRules = (
			);
			dependencies = (
			);
			name = Forms;
			productName = Forms;
			productReference = E826860917B97C51004281C0 /* Forms.app */;
			productType = "com.apple.product-type.application";
		};
/* End PBXNativeTarget section */

/* Begin PBXProject section */
		E826860117B97C50004281C0 /* Project object */ = {
			isa = PBXProject;
			attributes = {
				CLASSPREFIX = C;
				LastUpgradeCheck = 0460;
				ORGANIZATIONNAME = "Jose Vildosola";
			};
			buildConfigurationList = E826860417B97C51004281C0 /* Build configuration list for PBXProject "Forms" */;
			compatibilityVersion = "Xcode 3.2";
			developmentRegion = English;
			hasScannedForEncodings = 0;
			knownRegions = (
				en,
			);
			mainGroup = E826860017B97C50004281C0;
			productRefGroup = E826860A17B97C51004281C0 /* Products */;
			projectDirPath = "";
			projectRoot = "";
			targets = (
				E826860817B97C51004281C0 /* Forms */,
			);
		};
/* End PBXProject section */

/* Begin PBXResourcesBuildPhase section */
		E826860717B97C51004281C0 /* Resources */ = {
			isa = PBXResourcesBuildPhase;
			buildActionMask = 2147483647;
			files = (
				E8E302BA17CE3E3300A14AFB /* jquery-2.0.3.js in Resources */,
				E8E302B517CD684800A14AFB /* tmp.js in Resources */,
				E826861717B97C52004281C0 /* InfoPlist.strings in Resources */,
				E826861F17B97C52004281C0 /* Default.png in Resources */,
				E826862117B97C53004281C0 /* Default@2x.png in Resources */,
				E826862317B97C53004281C0 /* Default-568h@2x.png in Resources */,
				E826862A17B97E5E004281C0 /* Storyboard.storyboard in Resources */,
				E826864317B98EDB004281C0 /* document.png in Resources */,
				E826864417B98EDB004281C0 /* download.png in Resources */,
				E826864517B98EDB004281C0 /* edit.png in Resources */,
				E826864617B98EDB004281C0 /* iconapp.png in Resources */,
				E826864717B98EDB004281C0 /* info.png in Resources */,
				E826864817B98EDB004281C0 /* notepad.png in Resources */,
				E826864917B98EDB004281C0 /* nuevo.png in Resources */,
				E826864A17B98EDB004281C0 /* ok.png in Resources */,
				E826864B17B98EDB004281C0 /* outbox.png in Resources */,
				E826864C17B98EDB004281C0 /* screen_bg.xml in Resources */,
				E826864D17B98EDB004281C0 /* settings.png in Resources */,
				E826864E17B98EDB004281C0 /* spinner.gif in Resources */,
				E826864F17B98EDB004281C0 /* update.png in Resources */,
				E826865117B9926A004281C0 /* UIMenuCell.xib in Resources */,
				E826866817BA6C34004281C0 /* UINuevoCell.xib in Resources */,
				E826866E17BAB51F004281C0 /* UIDownloadDialog.xib in Resources */,
				E8E0479217C3D1DC00DC4356 /* drafts.xml in Resources */,
				E8E0479A17C3FB0800DC4356 /* UIDraftCell.xib in Resources */,
				E8E302B717CE3DE200A14AFB /* iconapp.png in Resources */,
				E8DF5D5417D4C9CB00FD161E /* outbox.plist in Resources */,
				E8DF5D7017D534FF00FD161E /* UIOutboxCell.xib in Resources */,
			);
			runOnlyForDeploymentPostprocessing = 0;
		};
/* End PBXResourcesBuildPhase section */

/* Begin PBXSourcesBuildPhase section */
		E826860517B97C51004281C0 /* Sources */ = {
			isa = PBXSourcesBuildPhase;
			buildActionMask = 2147483647;
			files = (
				E826861917B97C52004281C0 /* main.m in Sources */,
				E826861D17B97C52004281C0 /* CAppDelegate.m in Sources */,
				E826862F17B97F63004281C0 /* CMenuViewController.m in Sources */,
				E826863317B98BC0004281C0 /* CMenuItem.m in Sources */,
				E826865417B99324004281C0 /* CMenuItemCell.m in Sources */,
				E826865B17B9A184004281C0 /* CConnectionHelper.m in Sources */,
				E826865F17B9A5FF004281C0 /* CFormsParser.m in Sources */,
				E826866317B9A95B004281C0 /* CFormModel.m in Sources */,
				E826866617B9CD60004281C0 /* CNuevoViewController.m in Sources */,
				E826866C17BA6D9D004281C0 /* CNuevoItemCell.m in Sources */,
				E826867117BABE43004281C0 /* LoadingView.m in Sources */,
				E841697F17C24CA800AAFCE3 /* SSZipArchive.m in Sources */,
				E841698A17C24D6000AAFCE3 /* ioapi.c in Sources */,
				E841698B17C24D6000AAFCE3 /* mztools.c in Sources */,
				E841698C17C24D6000AAFCE3 /* unzip.c in Sources */,
				E841698D17C24D6000AAFCE3 /* zip.c in Sources */,
				E841699317C24E1800AAFCE3 /* CHttpDownload.m in Sources */,
				E841699617C26DB500AAFCE3 /* CWebViewController.m in Sources */,
				E8E0478A17C3A77B00DC4356 /* CDraftViewController.m in Sources */,
				E8E0478D17C3B7FD00DC4356 /* CInfoParser.m in Sources */,
				E8E0479017C3BEAA00DC4356 /* CInfoModel.m in Sources */,
				E8E0479517C3D96C00DC4356 /* CDraftsParser.m in Sources */,
				E8E0479817C3D9B700DC4356 /* CDraftModel.m in Sources */,
				E8E0479D17C3FBB200DC4356 /* CDraftItemCell.m in Sources */,
				E8E047A017C410B900DC4356 /* CDraftItemParser.m in Sources */,
				E8E302BD17CE97A200A14AFB /* CDataItemParser.m in Sources */,
				E8E302C017CE99CC00A14AFB /* CRelatedItem.m in Sources */,
				E88C48B117CFD46500188D31 /* Base64.m in Sources */,
				E8DF5D5217D4C61100FD161E /* COutboxViewController.m in Sources */,
				E8DF5D5817D4CBA700FD161E /* CStartViewController.m in Sources */,
				E8DF5D6517D4E12E00FD161E /* Reachability.m in Sources */,
				E8DF5D7317D5367100FD161E /* COutboxItemCell.m in Sources */,
				E8DF5D7617D53B7000FD161E /* COutboxModel.m in Sources */,
			);
			runOnlyForDeploymentPostprocessing = 0;
		};
/* End PBXSourcesBuildPhase section */

/* Begin PBXVariantGroup section */
		E826861517B97C52004281C0 /* InfoPlist.strings */ = {
			isa = PBXVariantGroup;
			children = (
				E826861617B97C52004281C0 /* en */,
			);
			name = InfoPlist.strings;
			sourceTree = "<group>";
		};
/* End PBXVariantGroup section */

/* Begin XCBuildConfiguration section */
		E826862417B97C53004281C0 /* Debug */ = {
			isa = XCBuildConfiguration;
			buildSettings = {
				ALWAYS_SEARCH_USER_PATHS = NO;
				CLANG_CXX_LANGUAGE_STANDARD = "gnu++0x";
				CLANG_CXX_LIBRARY = "libc++";
				CLANG_ENABLE_OBJC_ARC = YES;
				CLANG_WARN_CONSTANT_CONVERSION = YES;
				CLANG_WARN_EMPTY_BODY = YES;
				CLANG_WARN_ENUM_CONVERSION = YES;
				CLANG_WARN_INT_CONVERSION = YES;
				CLANG_WARN__DUPLICATE_METHOD_MATCH = YES;
				"CODE_SIGN_IDENTITY[sdk=iphoneos*]" = "iPhone Developer";
				COPY_PHASE_STRIP = NO;
				GCC_C_LANGUAGE_STANDARD = gnu99;
				GCC_DYNAMIC_NO_PIC = NO;
				GCC_OPTIMIZATION_LEVEL = 0;
				GCC_PREPROCESSOR_DEFINITIONS = (
					"DEBUG=1",
					"$(inherited)",
				);
				GCC_SYMBOLS_PRIVATE_EXTERN = NO;
				GCC_WARN_ABOUT_RETURN_TYPE = YES;
				GCC_WARN_UNINITIALIZED_AUTOS = YES;
				GCC_WARN_UNUSED_VARIABLE = YES;
				IPHONEOS_DEPLOYMENT_TARGET = 6.1;
				ONLY_ACTIVE_ARCH = YES;
				SDKROOT = iphoneos;
				TARGETED_DEVICE_FAMILY = "1,2";
			};
			name = Debug;
		};
		E826862517B97C53004281C0 /* Release */ = {
			isa = XCBuildConfiguration;
			buildSettings = {
				ALWAYS_SEARCH_USER_PATHS = NO;
				CLANG_CXX_LANGUAGE_STANDARD = "gnu++0x";
				CLANG_CXX_LIBRARY = "libc++";
				CLANG_ENABLE_OBJC_ARC = YES;
				CLANG_WARN_CONSTANT_CONVERSION = YES;
				CLANG_WARN_EMPTY_BODY = YES;
				CLANG_WARN_ENUM_CONVERSION = YES;
				CLANG_WARN_INT_CONVERSION = YES;
				CLANG_WARN__DUPLICATE_METHOD_MATCH = YES;
				"CODE_SIGN_IDENTITY[sdk=iphoneos*]" = "iPhone Developer";
				COPY_PHASE_STRIP = YES;
				GCC_C_LANGUAGE_STANDARD = gnu99;
				GCC_WARN_ABOUT_RETURN_TYPE = YES;
				GCC_WARN_UNINITIALIZED_AUTOS = YES;
				GCC_WARN_UNUSED_VARIABLE = YES;
				IPHONEOS_DEPLOYMENT_TARGET = 6.1;
				OTHER_CFLAGS = "-DNS_BLOCK_ASSERTIONS=1";
				SDKROOT = iphoneos;
				TARGETED_DEVICE_FAMILY = "1,2";
				VALIDATE_PRODUCT = YES;
			};
			name = Release;
		};
		E826862717B97C53004281C0 /* Debug */ = {
			isa = XCBuildConfiguration;
			buildSettings = {
				CODE_SIGN_IDENTITY = "iPhone Developer: José Vildósola Gatica (KWPKRXJ6DW)";
				GCC_PRECOMPILE_PREFIX_HEADER = YES;
				GCC_PREFIX_HEADER = "Forms/Forms-Prefix.pch";
				INFOPLIST_FILE = "Forms/Forms-Info.plist";
				LIBRARY_SEARCH_PATHS = (
					"$(inherited)",
					"\"$(SDKROOT)/usr/lib/system\"",
				);
				PRODUCT_NAME = "$(TARGET_NAME)";
				PROVISIONING_PROFILE = "";
				WRAPPER_EXTENSION = app;
			};
			name = Debug;
		};
		E826862817B97C53004281C0 /* Release */ = {
			isa = XCBuildConfiguration;
			buildSettings = {
				CODE_SIGN_IDENTITY = "iPhone Developer: José Vildósola Gatica (KWPKRXJ6DW)";
				GCC_PRECOMPILE_PREFIX_HEADER = YES;
				GCC_PREFIX_HEADER = "Forms/Forms-Prefix.pch";
				INFOPLIST_FILE = "Forms/Forms-Info.plist";
				LIBRARY_SEARCH_PATHS = (
					"$(inherited)",
					"\"$(SDKROOT)/usr/lib/system\"",
				);
				PRODUCT_NAME = "$(TARGET_NAME)";
				PROVISIONING_PROFILE = "";
				WRAPPER_EXTENSION = app;
			};
			name = Release;
		};
/* End XCBuildConfiguration section */

/* Begin XCConfigurationList section */
		E826860417B97C51004281C0 /* Build configuration list for PBXProject "Forms" */ = {
			isa = XCConfigurationList;
			buildConfigurations = (
				E826862417B97C53004281C0 /* Debug */,
				E826862517B97C53004281C0 /* Release */,
			);
			defaultConfigurationIsVisible = 0;
			defaultConfigurationName = Release;
		};
		E826862617B97C53004281C0 /* Build configuration list for PBXNativeTarget "Forms" */ = {
			isa = XCConfigurationList;
			buildConfigurations = (
				E826862717B97C53004281C0 /* Debug */,
				E826862817B97C53004281C0 /* Release */,
			);
			defaultConfigurationIsVisible = 0;
			defaultConfigurationName = Release;
		};
/* End XCConfigurationList section */
	};
	rootObject = E826860117B97C50004281C0 /* Project object */;
}
