// !$*UTF8*$!
{
	archiveVersion = 1;
	classes = {
	};
	objectVersion = 46;
	objects = {

/* Begin PBXBuildFile section */
		E826860D17B97C52004281C0 /* UIKit.framework in Frameworks */ = {isa = PBXBuildFile; fileRef = E826860C17B97C52004281C0 /* UIKit.framework */; };
		E826860F17B97C52004281C0 /* Foundation.framework in Frameworks */ = {isa = PBXBuildFile; fileRef = E826860E17B97C52004281C0 /* Foundation.framework */; };
		E826861117B97C52004281C0 /* CoreGraphics.framework in Frameworks */ = {isa = PBXBuildFile; fileRef = E826861017B97C52004281C0 /* CoreGraphics.framework */; };
		E826861717B97C52004281C0 /* InfoPlist.strings in Resources */ = {isa = PBXBuildFile; fileRef = E826861517B97C52004281C0 /* InfoPlist.strings */; };
		E826861917B97C52004281C0 /* main.m in Sources */ = {isa = PBXBuildFile; fileRef = E826861817B97C52004281C0 /* main.m */; };
		E826861D17B97C52004281C0 /* CAppDelegate.m in Sources */ = {isa = PBXBuildFile; fileRef = E826861C17B97C52004281C0 /* CAppDelegate.m */; };
		E826861F17B97C52004281C0 /* Default.png in Resources */ = {isa = PBXBuildFile; fileRef = E826861E17B97C52004281C0 /* Default.png */; };
		E826862117B97C53004281C0 /* Default@2x.png in Resources */ = {isa = PBXBuildFile; fileRef = E826862017B97C53004281C0 /* Default@2x.png */; };
		E826862317B97C53004281C0 /* Default-568h@2x.png in Resources */ = {isa = PBXBuildFile; fileRef = E826862217B97C53004281C0 /* Default-568h@2x.png */; };
		E826862A17B97E5E004281C0 /* Storyboard.storyboard in Resources */ = {isa = PBXBuildFile; fileRef = E826862917B97E5E004281C0 /* Storyboard.storyboard */; };
		E826862F17B97F63004281C0 /* CMenuViewController.m in Sources */ = {isa = PBXBuildFile; fileRef = E826862E17B97F63004281C0 /* CMenuViewController.m */; };
/* End PBXBuildFile section */

/* Begin PBXFileReference section */
		E826860917B97C51004281C0 /* Forms.app */ = {isa = PBXFileReference; explicitFileType = wrapper.application; includeInIndex = 0; path = Forms.app; sourceTree = BUILT_PRODUCTS_DIR; };
		E826860C17B97C52004281C0 /* UIKit.framework */ = {isa = PBXFileReference; lastKnownFileType = wrapper.framework; name = UIKit.framework; path = System/Library/Frameworks/UIKit.framework; sourceTree = SDKROOT; };
		E826860E17B97C52004281C0 /* Foundation.framework */ = {isa = PBXFileReference; lastKnownFileType = wrapper.framework; name = Foundation.framework; path = System/Library/Frameworks/Foundation.framework; sourceTree = SDKROOT; };
		E826861017B97C52004281C0 /* CoreGraphics.framework */ = {isa = PBXFileReference; lastKnownFileType = wrapper.framework; name = CoreGraphics.framework; path = System/Library/Frameworks/CoreGraphics.framework; sourceTree = SDKROOT; };
		E826861417B97C52004281C0 /* Forms-Info.plist */ = {isa = PBXFileReference; lastKnownFileType = text.plist.xml; path = "Forms-Info.plist"; sourceTree = "<group>"; };
		E826861617B97C52004281C0 /* en */ = {isa = PBXFileReference; lastKnownFileType = text.plist.strings; name = en; path = en.lproj/InfoPlist.strings; sourceTree = "<group>"; };
		E826861817B97C52004281C0 /* main.m */ = {isa = PBXFileReference; lastKnownFileType = sourcecode.c.objc; path = main.m; sourceTree = "<group>"; };
		E826861A17B97C52004281C0 /* Forms-Prefix.pch */ = {isa = PBXFileReference; lastKnownFileType = sourcecode.c.h; path = "Forms-Prefix.pch"; sourceTree = "<group>"; };
		E826861B17B97C52004281C0 /* CAppDelegate.h */ = {isa = PBXFileReference; lastKnownFileType = sourcecode.c.h; path = CAppDelegate.h; sourceTree = "<group>"; };
		E826861C17B97C52004281C0 /* CAppDelegate.m */ = {isa = PBXFileReference; lastKnownFileType = sourcecode.c.objc; path = CAppDelegate.m; sourceTree = "<group>"; };
		E826861E17B97C52004281C0 /* Default.png */ = {isa = PBXFileReference; lastKnownFileType = image.png; path = Default.png; sourceTree = "<group>"; };
		E826862017B97C53004281C0 /* Default@2x.png */ = {isa = PBXFileReference; lastKnownFileType = image.png; path = "Default@2x.png"; sourceTree = "<group>"; };
		E826862217B97C53004281C0 /* Default-568h@2x.png */ = {isa = PBXFileReference; lastKnownFileType = image.png; path = "Default-568h@2x.png"; sourceTree = "<group>"; };
		E826862917B97E5E004281C0 /* Storyboard.storyboard */ = {isa = PBXFileReference; fileEncoding = 4; lastKnownFileType = file.storyboard; path = Storyboard.storyboard; sourceTree = "<group>"; };
		E826862D17B97F63004281C0 /* CMenuViewController.h */ = {isa = PBXFileReference; fileEncoding = 4; lastKnownFileType = sourcecode.c.h; path = CMenuViewController.h; sourceTree = "<group>"; };
		E826862E17B97F63004281C0 /* CMenuViewController.m */ = {isa = PBXFileReference; fileEncoding = 4; lastKnownFileType = sourcecode.c.objc; path = CMenuViewController.m; sourceTree = "<group>"; };
/* End PBXFileReference section */

/* Begin PBXFrameworksBuildPhase section */
		E826860617B97C51004281C0 /* Frameworks */ = {
			isa = PBXFrameworksBuildPhase;
			buildActionMask = 2147483647;
			files = (
				E826860D17B97C52004281C0 /* UIKit.framework in Frameworks */,
				E826860F17B97C52004281C0 /* Foundation.framework in Frameworks */,
				E826861117B97C52004281C0 /* CoreGraphics.framework in Frameworks */,
			);
			runOnlyForDeploymentPostprocessing = 0;
		};
/* End PBXFrameworksBuildPhase section */

/* Begin PBXGroup section */
		E826860017B97C50004281C0 = {
			isa = PBXGroup;
			children = (
				E826861217B97C52004281C0 /* Forms */,
				E826860B17B97C51004281C0 /* Frameworks */,
				E826860A17B97C51004281C0 /* Products */,
			);
			sourceTree = "<group>";
		};
		E826860A17B97C51004281C0 /* Products */ = {
			isa = PBXGroup;
			children = (
				E826860917B97C51004281C0 /* Forms.app */,
			);
			name = Products;
			sourceTree = "<group>";
		};
		E826860B17B97C51004281C0 /* Frameworks */ = {
			isa = PBXGroup;
			children = (
				E826860C17B97C52004281C0 /* UIKit.framework */,
				E826860E17B97C52004281C0 /* Foundation.framework */,
				E826861017B97C52004281C0 /* CoreGraphics.framework */,
			);
			name = Frameworks;
			sourceTree = "<group>";
		};
		E826861217B97C52004281C0 /* Forms */ = {
			isa = PBXGroup;
			children = (
				E826862C17B97F3E004281C0 /* Menu */,
				E826862B17B97F32004281C0 /* UIFiles */,
				E826861B17B97C52004281C0 /* CAppDelegate.h */,
				E826861C17B97C52004281C0 /* CAppDelegate.m */,
				E826861317B97C52004281C0 /* Supporting Files */,
			);
			path = Forms;
			sourceTree = "<group>";
		};
		E826861317B97C52004281C0 /* Supporting Files */ = {
			isa = PBXGroup;
			children = (
				E826861417B97C52004281C0 /* Forms-Info.plist */,
				E826861517B97C52004281C0 /* InfoPlist.strings */,
				E826861817B97C52004281C0 /* main.m */,
				E826861A17B97C52004281C0 /* Forms-Prefix.pch */,
				E826861E17B97C52004281C0 /* Default.png */,
				E826862017B97C53004281C0 /* Default@2x.png */,
				E826862217B97C53004281C0 /* Default-568h@2x.png */,
			);
			name = "Supporting Files";
			sourceTree = "<group>";
		};
		E826862B17B97F32004281C0 /* UIFiles */ = {
			isa = PBXGroup;
			children = (
				E826862917B97E5E004281C0 /* Storyboard.storyboard */,
			);
			name = UIFiles;
			sourceTree = "<group>";
		};
		E826862C17B97F3E004281C0 /* Menu */ = {
			isa = PBXGroup;
			children = (
				E826862D17B97F63004281C0 /* CMenuViewController.h */,
				E826862E17B97F63004281C0 /* CMenuViewController.m */,
			);
			name = Menu;
			sourceTree = "<group>";
		};
/* End PBXGroup section */

/* Begin PBXNativeTarget section */
		E826860817B97C51004281C0 /* Forms */ = {
			isa = PBXNativeTarget;
			buildConfigurationList = E826862617B97C53004281C0 /* Build configuration list for PBXNativeTarget "Forms" */;
			buildPhases = (
				E826860517B97C51004281C0 /* Sources */,
				E826860617B97C51004281C0 /* Frameworks */,
				E826860717B97C51004281C0 /* Resources */,
			);
			buildRules = (
			);
			dependencies = (
			);
			name = Forms;
			productName = Forms;
			productReference = E826860917B97C51004281C0 /* Forms.app */;
			productType = "com.apple.product-type.application";
		};
/* End PBXNativeTarget section */

/* Begin PBXProject section */
		E826860117B97C50004281C0 /* Project object */ = {
			isa = PBXProject;
			attributes = {
				CLASSPREFIX = C;
				LastUpgradeCheck = 0460;
				ORGANIZATIONNAME = "Jose Vildosola";
			};
			buildConfigurationList = E826860417B97C51004281C0 /* Build configuration list for PBXProject "Forms" */;
			compatibilityVersion = "Xcode 3.2";
			developmentRegion = English;
			hasScannedForEncodings = 0;
			knownRegions = (
				en,
			);
			mainGroup = E826860017B97C50004281C0;
			productRefGroup = E826860A17B97C51004281C0 /* Products */;
			projectDirPath = "";
			projectRoot = "";
			targets = (
				E826860817B97C51004281C0 /* Forms */,
			);
		};
/* End PBXProject section */

/* Begin PBXResourcesBuildPhase section */
		E826860717B97C51004281C0 /* Resources */ = {
			isa = PBXResourcesBuildPhase;
			buildActionMask = 2147483647;
			files = (
				E826861717B97C52004281C0 /* InfoPlist.strings in Resources */,
				E826861F17B97C52004281C0 /* Default.png in Resources */,
				E826862117B97C53004281C0 /* Default@2x.png in Resources */,
				E826862317B97C53004281C0 /* Default-568h@2x.png in Resources */,
				E826862A17B97E5E004281C0 /* Storyboard.storyboard in Resources */,
			);
			runOnlyForDeploymentPostprocessing = 0;
		};
/* End PBXResourcesBuildPhase section */

/* Begin PBXSourcesBuildPhase section */
		E826860517B97C51004281C0 /* Sources */ = {
			isa = PBXSourcesBuildPhase;
			buildActionMask = 2147483647;
			files = (
				E826861917B97C52004281C0 /* main.m in Sources */,
				E826861D17B97C52004281C0 /* CAppDelegate.m in Sources */,
				E826862F17B97F63004281C0 /* CMenuViewController.m in Sources */,
			);
			runOnlyForDeploymentPostprocessing = 0;
		};
/* End PBXSourcesBuildPhase section */

/* Begin PBXVariantGroup section */
		E826861517B97C52004281C0 /* InfoPlist.strings */ = {
			isa = PBXVariantGroup;
			children = (
				E826861617B97C52004281C0 /* en */,
			);
			name = InfoPlist.strings;
			sourceTree = "<group>";
		};
/* End PBXVariantGroup section */

/* Begin XCBuildConfiguration section */
		E826862417B97C53004281C0 /* Debug */ = {
			isa = XCBuildConfiguration;
			buildSettings = {
				ALWAYS_SEARCH_USER_PATHS = NO;
				CLANG_CXX_LANGUAGE_STANDARD = "gnu++0x";
				CLANG_CXX_LIBRARY = "libc++";
				CLANG_ENABLE_OBJC_ARC = YES;
				CLANG_WARN_CONSTANT_CONVERSION = YES;
				CLANG_WARN_EMPTY_BODY = YES;
				CLANG_WARN_ENUM_CONVERSION = YES;
				CLANG_WARN_INT_CONVERSION = YES;
				CLANG_WARN__DUPLICATE_METHOD_MATCH = YES;
				"CODE_SIGN_IDENTITY[sdk=iphoneos*]" = "iPhone Developer";
				COPY_PHASE_STRIP = NO;
				GCC_C_LANGUAGE_STANDARD = gnu99;
				GCC_DYNAMIC_NO_PIC = NO;
				GCC_OPTIMIZATION_LEVEL = 0;
				GCC_PREPROCESSOR_DEFINITIONS = (
					"DEBUG=1",
					"$(inherited)",
				);
				GCC_SYMBOLS_PRIVATE_EXTERN = NO;
				GCC_WARN_ABOUT_RETURN_TYPE = YES;
				GCC_WARN_UNINITIALIZED_AUTOS = YES;
				GCC_WARN_UNUSED_VARIABLE = YES;
				IPHONEOS_DEPLOYMENT_TARGET = 6.1;
				ONLY_ACTIVE_ARCH = YES;
				SDKROOT = iphoneos;
				TARGETED_DEVICE_FAMILY = "1,2";
			};
			name = Debug;
		};
		E826862517B97C53004281C0 /* Release */ = {
			isa = XCBuildConfiguration;
			buildSettings = {
				ALWAYS_SEARCH_USER_PATHS = NO;
				CLANG_CXX_LANGUAGE_STANDARD = "gnu++0x";
				CLANG_CXX_LIBRARY = "libc++";
				CLANG_ENABLE_OBJC_ARC = YES;
				CLANG_WARN_CONSTANT_CONVERSION = YES;
				CLANG_WARN_EMPTY_BODY = YES;
				CLANG_WARN_ENUM_CONVERSION = YES;
				CLANG_WARN_INT_CONVERSION = YES;
				CLANG_WARN__DUPLICATE_METHOD_MATCH = YES;
				"CODE_SIGN_IDENTITY[sdk=iphoneos*]" = "iPhone Developer";
				COPY_PHASE_STRIP = YES;
				GCC_C_LANGUAGE_STANDARD = gnu99;
				GCC_WARN_ABOUT_RETURN_TYPE = YES;
				GCC_WARN_UNINITIALIZED_AUTOS = YES;
				GCC_WARN_UNUSED_VARIABLE = YES;
				IPHONEOS_DEPLOYMENT_TARGET = 6.1;
				OTHER_CFLAGS = "-DNS_BLOCK_ASSERTIONS=1";
				SDKROOT = iphoneos;
				TARGETED_DEVICE_FAMILY = "1,2";
				VALIDATE_PRODUCT = YES;
			};
			name = Release;
		};
		E826862717B97C53004281C0 /* Debug */ = {
			isa = XCBuildConfiguration;
			buildSettings = {
				GCC_PRECOMPILE_PREFIX_HEADER = YES;
				GCC_PREFIX_HEADER = "Forms/Forms-Prefix.pch";
				INFOPLIST_FILE = "Forms/Forms-Info.plist";
				PRODUCT_NAME = "$(TARGET_NAME)";
				WRAPPER_EXTENSION = app;
			};
			name = Debug;
		};
		E826862817B97C53004281C0 /* Release */ = {
			isa = XCBuildConfiguration;
			buildSettings = {
				GCC_PRECOMPILE_PREFIX_HEADER = YES;
				GCC_PREFIX_HEADER = "Forms/Forms-Prefix.pch";
				INFOPLIST_FILE = "Forms/Forms-Info.plist";
				PRODUCT_NAME = "$(TARGET_NAME)";
				WRAPPER_EXTENSION = app;
			};
			name = Release;
		};
/* End XCBuildConfiguration section */

/* Begin XCConfigurationList section */
		E826860417B97C51004281C0 /* Build configuration list for PBXProject "Forms" */ = {
			isa = XCConfigurationList;
			buildConfigurations = (
				E826862417B97C53004281C0 /* Debug */,
				E826862517B97C53004281C0 /* Release */,
			);
			defaultConfigurationIsVisible = 0;
			defaultConfigurationName = Release;
		};
		E826862617B97C53004281C0 /* Build configuration list for PBXNativeTarget "Forms" */ = {
			isa = XCConfigurationList;
			buildConfigurations = (
				E826862717B97C53004281C0 /* Debug */,
				E826862817B97C53004281C0 /* Release */,
			);
			defaultConfigurationIsVisible = 0;
		};
/* End XCConfigurationList section */
	};
	rootObject = E826860117B97C50004281C0 /* Project object */;
}
